
Microsoft Visual Studio Solution File, Format Version 12.00
# Visual Studio Version 16
VisualStudioVersion = 16.0.30114.105
MinimumVisualStudioVersion = 10.0.40219.1
Project("{FAE04EC0-301F-11D3-BF4B-00C04F79EFBC}") = "Utazók", "Utazók\Utazók.csproj", "{FA5A92FB-219B-405F-BB55-985DEC0D76EB}"
EndProject
Global
	GlobalSection(SolutionConfigurationPlatforms) = preSolution
		Debug|Any CPU = Debug|Any CPU
		Release|Any CPU = Release|Any CPU
	EndGlobalSection
	GlobalSection(ProjectConfigurationPlatforms) = postSolution
		{FA5A92FB-219B-405F-BB55-985DEC0D76EB}.Debug|Any CPU.ActiveCfg = Debug|Any CPU
		{FA5A92FB-219B-405F-BB55-985DEC0D76EB}.Debug|Any CPU.Build.0 = Debug|Any CPU
		{FA5A92FB-219B-405F-BB55-985DEC0D76EB}.Release|Any CPU.ActiveCfg = Release|Any CPU
		{FA5A92FB-219B-405F-BB55-985DEC0D76EB}.Release|Any CPU.Build.0 = Release|Any CPU
	EndGlobalSection
	GlobalSection(SolutionProperties) = preSolution
		HideSolutionNode = FALSE
	EndGlobalSection
	GlobalSection(ExtensibilityGlobals) = postSolution
		SolutionGuid = {AE69C9E3-F845-4BCC-A9A6-0C4EFF6FE217}
	EndGlobalSection
EndGlobal
