
Microsoft Visual Studio Solution File, Format Version 12.00
# Visual Studio Version 16
VisualStudioVersion = 16.0.30114.105
MinimumVisualStudioVersion = 10.0.40219.1
Project("{FAE04EC0-301F-11D3-BF4B-00C04F79EFBC}") = "Labirintus_", "Labirintus_\Labirintus_.csproj", "{7090D047-EE43-4948-84A9-98748C727997}"
EndProject
Global
	GlobalSection(SolutionConfigurationPlatforms) = preSolution
		Debug|Any CPU = Debug|Any CPU
		Release|Any CPU = Release|Any CPU
	EndGlobalSection
	GlobalSection(ProjectConfigurationPlatforms) = postSolution
		{7090D047-EE43-4948-84A9-98748C727997}.Debug|Any CPU.ActiveCfg = Debug|Any CPU
		{7090D047-EE43-4948-84A9-98748C727997}.Debug|Any CPU.Build.0 = Debug|Any CPU
		{7090D047-EE43-4948-84A9-98748C727997}.Release|Any CPU.ActiveCfg = Release|Any CPU
		{7090D047-EE43-4948-84A9-98748C727997}.Release|Any CPU.Build.0 = Release|Any CPU
	EndGlobalSection
	GlobalSection(SolutionProperties) = preSolution
		HideSolutionNode = FALSE
	EndGlobalSection
	GlobalSection(ExtensibilityGlobals) = postSolution
		SolutionGuid = {DA8D71D6-29A2-4364-81DD-344811BB67A1}
	EndGlobalSection
EndGlobal
