
Microsoft Visual Studio Solution File, Format Version 12.00
# Visual Studio Version 16
VisualStudioVersion = 16.0.30114.105
MinimumVisualStudioVersion = 10.0.40219.1
Project("{FAE04EC0-301F-11D3-BF4B-00C04F79EFBC}") = "BevInfoBEadando", "BevInfoBEadando\BevInfoBEadando.csproj", "{8FB84A23-3F54-4E51-8CF9-20AF2836198C}"
EndProject
Global
	GlobalSection(SolutionConfigurationPlatforms) = preSolution
		Debug|Any CPU = Debug|Any CPU
		Release|Any CPU = Release|Any CPU
	EndGlobalSection
	GlobalSection(ProjectConfigurationPlatforms) = postSolution
		{8FB84A23-3F54-4E51-8CF9-20AF2836198C}.Debug|Any CPU.ActiveCfg = Debug|Any CPU
		{8FB84A23-3F54-4E51-8CF9-20AF2836198C}.Debug|Any CPU.Build.0 = Debug|Any CPU
		{8FB84A23-3F54-4E51-8CF9-20AF2836198C}.Release|Any CPU.ActiveCfg = Release|Any CPU
		{8FB84A23-3F54-4E51-8CF9-20AF2836198C}.Release|Any CPU.Build.0 = Release|Any CPU
	EndGlobalSection
	GlobalSection(SolutionProperties) = preSolution
		HideSolutionNode = FALSE
	EndGlobalSection
	GlobalSection(ExtensibilityGlobals) = postSolution
		SolutionGuid = {5F08F0DA-2A27-426B-A5BE-AD02AC074A1D}
	EndGlobalSection
EndGlobal
